
Microsoft Visual Studio Solution File, Format Version 12.00
# Visual Studio 15
VisualStudioVersion = 15.0.27428.2027
MinimumVisualStudioVersion = 10.0.40219.1
Project("{FAE04EC0-301F-11D3-BF4B-00C04F79EFBC}") = "dequeuer", "dequeuer\dequeuer.csproj", "{7FAEB355-8C40-407A-AA8E-A7DD17716613}"
EndProject
Global
	GlobalSection(SolutionConfigurationPlatforms) = preSolution
		Debug|Any CPU = Debug|Any CPU
		Release|Any CPU = Release|Any CPU
	EndGlobalSection
	GlobalSection(ProjectConfigurationPlatforms) = postSolution
		{7FAEB355-8C40-407A-AA8E-A7DD17716613}.Debug|Any CPU.ActiveCfg = Debug|Any CPU
		{7FAEB355-8C40-407A-AA8E-A7DD17716613}.Debug|Any CPU.Build.0 = Debug|Any CPU
		{7FAEB355-8C40-407A-AA8E-A7DD17716613}.Release|Any CPU.ActiveCfg = Release|Any CPU
		{7FAEB355-8C40-407A-AA8E-A7DD17716613}.Release|Any CPU.Build.0 = Release|Any CPU
	EndGlobalSection
	GlobalSection(SolutionProperties) = preSolution
		HideSolutionNode = FALSE
	EndGlobalSection
	GlobalSection(ExtensibilityGlobals) = postSolution
		SolutionGuid = {A0F04695-F5F2-4E6C-9BCD-83ACB3954484}
	EndGlobalSection
EndGlobal
